
Microsoft Visual Studio Solution File, Format Version 12.00
# Visual Studio Version 17
VisualStudioVersion = 17.2.32616.157
MinimumVisualStudioVersion = 10.0.40219.1
Project("{FAE04EC0-301F-11D3-BF4B-00C04F79EFBC}") = "WebApi", "WebApi\WebApi.csproj", "{B9F61F5B-9C87-42C1-BF8A-9C132C1798B7}"
EndProject
Global
	GlobalSection(SolutionConfigurationPlatforms) = preSolution
		Debug|Any CPU = Debug|Any CPU
		Release|Any CPU = Release|Any CPU
	EndGlobalSection
	GlobalSection(ProjectConfigurationPlatforms) = postSolution
		{B9F61F5B-9C87-42C1-BF8A-9C132C1798B7}.Debug|Any CPU.ActiveCfg = Debug|Any CPU
		{B9F61F5B-9C87-42C1-BF8A-9C132C1798B7}.Debug|Any CPU.Build.0 = Debug|Any CPU
		{B9F61F5B-9C87-42C1-BF8A-9C132C1798B7}.Release|Any CPU.ActiveCfg = Release|Any CPU
		{B9F61F5B-9C87-42C1-BF8A-9C132C1798B7}.Release|Any CPU.Build.0 = Release|Any CPU
	EndGlobalSection
	GlobalSection(SolutionProperties) = preSolution
		HideSolutionNode = FALSE
	EndGlobalSection
	GlobalSection(ExtensibilityGlobals) = postSolution
		SolutionGuid = {07D4AC53-1F1D-44E4-B752-1B32B874848F}
	EndGlobalSection
EndGlobal
